
Microsoft Visual Studio Solution File, Format Version 12.00
# Visual Studio 15
VisualStudioVersion = 15.0.27130.2036
MinimumVisualStudioVersion = 10.0.40219.1
Project("{FAE04EC0-301F-11D3-BF4B-00C04F79EFBC}") = "WpfK1", "WpfK1\WpfK1.csproj", "{FAB76F24-3CB5-47DA-92C7-A52899C81A99}"
EndProject
Global
	GlobalSection(SolutionConfigurationPlatforms) = preSolution
		Debug|Any CPU = Debug|Any CPU
		Release|Any CPU = Release|Any CPU
	EndGlobalSection
	GlobalSection(ProjectConfigurationPlatforms) = postSolution
		{FAB76F24-3CB5-47DA-92C7-A52899C81A99}.Debug|Any CPU.ActiveCfg = Debug|Any CPU
		{FAB76F24-3CB5-47DA-92C7-A52899C81A99}.Debug|Any CPU.Build.0 = Debug|Any CPU
		{FAB76F24-3CB5-47DA-92C7-A52899C81A99}.Release|Any CPU.ActiveCfg = Release|Any CPU
		{FAB76F24-3CB5-47DA-92C7-A52899C81A99}.Release|Any CPU.Build.0 = Release|Any CPU
	EndGlobalSection
	GlobalSection(SolutionProperties) = preSolution
		HideSolutionNode = FALSE
	EndGlobalSection
	GlobalSection(ExtensibilityGlobals) = postSolution
		SolutionGuid = {5FB25E6C-A786-498C-A40A-96E16C72130C}
	EndGlobalSection
EndGlobal
